// !$*UTF8*$!
{
	archiveVersion = 1;
	classes = {
	};
	objectVersion = 50;
	objects = {

/* Begin PBXBuildFile section */
		0792485420A5415900219596 /* AppDelegate.swift in Sources */ = {isa = PBXBuildFile; fileRef = 0792485320A5415900219596 /* AppDelegate.swift */; };
		0792485620A5415900219596 /* ViewController.swift in Sources */ = {isa = PBXBuildFile; fileRef = 0792485520A5415900219596 /* ViewController.swift */; };
		0792485920A5415900219596 /* Main.storyboard in Resources */ = {isa = PBXBuildFile; fileRef = 0792485720A5415900219596 /* Main.storyboard */; };
		0792485B20A5415C00219596 /* Assets.xcassets in Resources */ = {isa = PBXBuildFile; fileRef = 0792485A20A5415C00219596 /* Assets.xcassets */; };
		0792485E20A5415C00219596 /* LaunchScreen.storyboard in Resources */ = {isa = PBXBuildFile; fileRef = 0792485C20A5415C00219596 /* LaunchScreen.storyboard */; };
		0792486920A5415C00219596 /* ModalAnimationTests.swift in Sources */ = {isa = PBXBuildFile; fileRef = 0792486820A5415C00219596 /* ModalAnimationTests.swift */; };
		0792487420A5415C00219596 /* ModalAnimationUITests.swift in Sources */ = {isa = PBXBuildFile; fileRef = 0792487320A5415C00219596 /* ModalAnimationUITests.swift */; };
		0792488220A5447F00219596 /* ProductCell.swift in Sources */ = {isa = PBXBuildFile; fileRef = 0792488120A5447F00219596 /* ProductCell.swift */; };
		0792488420A557C100219596 /* ProductDetailController.swift in Sources */ = {isa = PBXBuildFile; fileRef = 0792488320A557C100219596 /* ProductDetailController.swift */; };
		0792488720A558A500219596 /* SnapKit.framework in Frameworks */ = {isa = PBXBuildFile; fileRef = 0792488620A558A500219596 /* SnapKit.framework */; };
		0792488920A558AF00219596 /* SnapKit.framework in Embed Frameworks */ = {isa = PBXBuildFile; fileRef = 0792488620A558A500219596 /* SnapKit.framework */; settings = {ATTRIBUTES = (CodeSignOnCopy, RemoveHeadersOnCopy, ); }; };
		0792488E20A58A2A00219596 /* CustomAnimator.swift in Sources */ = {isa = PBXBuildFile; fileRef = 0792488D20A58A2A00219596 /* CustomAnimator.swift */; };
/* End PBXBuildFile section */

/* Begin PBXContainerItemProxy section */
		0792486520A5415C00219596 /* PBXContainerItemProxy */ = {
			isa = PBXContainerItemProxy;
			containerPortal = 0792484820A5415900219596 /* Project object */;
			proxyType = 1;
			remoteGlobalIDString = 0792484F20A5415900219596;
			remoteInfo = ModalAnimation;
		};
		0792487020A5415C00219596 /* PBXContainerItemProxy */ = {
			isa = PBXContainerItemProxy;
			containerPortal = 0792484820A5415900219596 /* Project object */;
			proxyType = 1;
			remoteGlobalIDString = 0792484F20A5415900219596;
			remoteInfo = ModalAnimation;
		};
/* End PBXContainerItemProxy section */

/* Begin PBXCopyFilesBuildPhase section */
		0792488A20A558AF00219596 /* Embed Frameworks */ = {
			isa = PBXCopyFilesBuildPhase;
			buildActionMask = 2147483647;
			dstPath = "";
			dstSubfolderSpec = 10;
			files = (
				0792488920A558AF00219596 /* SnapKit.framework in Embed Frameworks */,
			);
			name = "Embed Frameworks";
			runOnlyForDeploymentPostprocessing = 0;
		};
/* End PBXCopyFilesBuildPhase section */

/* Begin PBXFileReference section */
		0792485020A5415900219596 /* ModalAnimation.app */ = {isa = PBXFileReference; explicitFileType = wrapper.application; includeInIndex = 0; path = ModalAnimation.app; sourceTree = BUILT_PRODUCTS_DIR; };
		0792485320A5415900219596 /* AppDelegate.swift */ = {isa = PBXFileReference; lastKnownFileType = sourcecode.swift; path = AppDelegate.swift; sourceTree = "<group>"; };
		0792485520A5415900219596 /* ViewController.swift */ = {isa = PBXFileReference; lastKnownFileType = sourcecode.swift; path = ViewController.swift; sourceTree = "<group>"; };
		0792485820A5415900219596 /* Base */ = {isa = PBXFileReference; lastKnownFileType = file.storyboard; name = Base; path = Base.lproj/Main.storyboard; sourceTree = "<group>"; };
		0792485A20A5415C00219596 /* Assets.xcassets */ = {isa = PBXFileReference; lastKnownFileType = folder.assetcatalog; path = Assets.xcassets; sourceTree = "<group>"; };
		0792485D20A5415C00219596 /* Base */ = {isa = PBXFileReference; lastKnownFileType = file.storyboard; name = Base; path = Base.lproj/LaunchScreen.storyboard; sourceTree = "<group>"; };
		0792485F20A5415C00219596 /* Info.plist */ = {isa = PBXFileReference; lastKnownFileType = text.plist.xml; path = Info.plist; sourceTree = "<group>"; };
		0792486420A5415C00219596 /* ModalAnimationTests.xctest */ = {isa = PBXFileReference; explicitFileType = wrapper.cfbundle; includeInIndex = 0; path = ModalAnimationTests.xctest; sourceTree = BUILT_PRODUCTS_DIR; };
		0792486820A5415C00219596 /* ModalAnimationTests.swift */ = {isa = PBXFileReference; lastKnownFileType = sourcecode.swift; path = ModalAnimationTests.swift; sourceTree = "<group>"; };
		0792486A20A5415C00219596 /* Info.plist */ = {isa = PBXFileReference; lastKnownFileType = text.plist.xml; path = Info.plist; sourceTree = "<group>"; };
		0792486F20A5415C00219596 /* ModalAnimationUITests.xctest */ = {isa = PBXFileReference; explicitFileType = wrapper.cfbundle; includeInIndex = 0; path = ModalAnimationUITests.xctest; sourceTree = BUILT_PRODUCTS_DIR; };
		0792487320A5415C00219596 /* ModalAnimationUITests.swift */ = {isa = PBXFileReference; lastKnownFileType = sourcecode.swift; path = ModalAnimationUITests.swift; sourceTree = "<group>"; };
		0792487520A5415C00219596 /* Info.plist */ = {isa = PBXFileReference; lastKnownFileType = text.plist.xml; path = Info.plist; sourceTree = "<group>"; };
		0792488120A5447F00219596 /* ProductCell.swift */ = {isa = PBXFileReference; lastKnownFileType = sourcecode.swift; path = ProductCell.swift; sourceTree = "<group>"; };
		0792488320A557C100219596 /* ProductDetailController.swift */ = {isa = PBXFileReference; lastKnownFileType = sourcecode.swift; path = ProductDetailController.swift; sourceTree = "<group>"; };
		0792488620A558A500219596 /* SnapKit.framework */ = {isa = PBXFileReference; lastKnownFileType = wrapper.framework; name = SnapKit.framework; path = Carthage/Build/iOS/SnapKit.framework; sourceTree = "<group>"; };
		0792488D20A58A2A00219596 /* CustomAnimator.swift */ = {isa = PBXFileReference; lastKnownFileType = sourcecode.swift; path = CustomAnimator.swift; sourceTree = "<group>"; };
/* End PBXFileReference section */

/* Begin PBXFrameworksBuildPhase section */
		0792484D20A5415900219596 /* Frameworks */ = {
			isa = PBXFrameworksBuildPhase;
			buildActionMask = 2147483647;
			files = (
				0792488720A558A500219596 /* SnapKit.framework in Frameworks */,
			);
			runOnlyForDeploymentPostprocessing = 0;
		};
		0792486120A5415C00219596 /* Frameworks */ = {
			isa = PBXFrameworksBuildPhase;
			buildActionMask = 2147483647;
			files = (
			);
			runOnlyForDeploymentPostprocessing = 0;
		};
		0792486C20A5415C00219596 /* Frameworks */ = {
			isa = PBXFrameworksBuildPhase;
			buildActionMask = 2147483647;
			files = (
			);
			runOnlyForDeploymentPostprocessing = 0;
		};
/* End PBXFrameworksBuildPhase section */

/* Begin PBXGroup section */
		0792484720A5415900219596 = {
			isa = PBXGroup;
			children = (
				0792485220A5415900219596 /* ModalAnimation */,
				0792486720A5415C00219596 /* ModalAnimationTests */,
				0792487220A5415C00219596 /* ModalAnimationUITests */,
				0792485120A5415900219596 /* Products */,
				0792488520A558A500219596 /* Frameworks */,
			);
			sourceTree = "<group>";
		};
		0792485120A5415900219596 /* Products */ = {
			isa = PBXGroup;
			children = (
				0792485020A5415900219596 /* ModalAnimation.app */,
				0792486420A5415C00219596 /* ModalAnimationTests.xctest */,
				0792486F20A5415C00219596 /* ModalAnimationUITests.xctest */,
			);
			name = Products;
			sourceTree = "<group>";
		};
		0792485220A5415900219596 /* ModalAnimation */ = {
			isa = PBXGroup;
			children = (
				0792485320A5415900219596 /* AppDelegate.swift */,
				0792485520A5415900219596 /* ViewController.swift */,
				0792485720A5415900219596 /* Main.storyboard */,
				0792485A20A5415C00219596 /* Assets.xcassets */,
				0792485C20A5415C00219596 /* LaunchScreen.storyboard */,
				0792485F20A5415C00219596 /* Info.plist */,
				0792488120A5447F00219596 /* ProductCell.swift */,
				0792488320A557C100219596 /* ProductDetailController.swift */,
				0792488D20A58A2A00219596 /* CustomAnimator.swift */,
			);
			path = ModalAnimation;
			sourceTree = "<group>";
		};
		0792486720A5415C00219596 /* ModalAnimationTests */ = {
			isa = PBXGroup;
			children = (
				0792486820A5415C00219596 /* ModalAnimationTests.swift */,
				0792486A20A5415C00219596 /* Info.plist */,
			);
			path = ModalAnimationTests;
			sourceTree = "<group>";
		};
		0792487220A5415C00219596 /* ModalAnimationUITests */ = {
			isa = PBXGroup;
			children = (
				0792487320A5415C00219596 /* ModalAnimationUITests.swift */,
				0792487520A5415C00219596 /* Info.plist */,
			);
			path = ModalAnimationUITests;
			sourceTree = "<group>";
		};
		0792488520A558A500219596 /* Frameworks */ = {
			isa = PBXGroup;
			children = (
				0792488620A558A500219596 /* SnapKit.framework */,
			);
			name = Frameworks;
			sourceTree = "<group>";
		};
/* End PBXGroup section */

/* Begin PBXNativeTarget section */
		0792484F20A5415900219596 /* ModalAnimation */ = {
			isa = PBXNativeTarget;
			buildConfigurationList = 0792487820A5415C00219596 /* Build configuration list for PBXNativeTarget "ModalAnimation" */;
			buildPhases = (
				0792484C20A5415900219596 /* Sources */,
				0792484D20A5415900219596 /* Frameworks */,
				0792484E20A5415900219596 /* Resources */,
				0792488A20A558AF00219596 /* Embed Frameworks */,
			);
			buildRules = (
			);
			dependencies = (
			);
			name = ModalAnimation;
			productName = ModalAnimation;
			productReference = 0792485020A5415900219596 /* ModalAnimation.app */;
			productType = "com.apple.product-type.application";
		};
		0792486320A5415C00219596 /* ModalAnimationTests */ = {
			isa = PBXNativeTarget;
			buildConfigurationList = 0792487B20A5415C00219596 /* Build configuration list for PBXNativeTarget "ModalAnimationTests" */;
			buildPhases = (
				0792486020A5415C00219596 /* Sources */,
				0792486120A5415C00219596 /* Frameworks */,
				0792486220A5415C00219596 /* Resources */,
			);
			buildRules = (
			);
			dependencies = (
				0792486620A5415C00219596 /* PBXTargetDependency */,
			);
			name = ModalAnimationTests;
			productName = ModalAnimationTests;
			productReference = 0792486420A5415C00219596 /* ModalAnimationTests.xctest */;
			productType = "com.apple.product-type.bundle.unit-test";
		};
		0792486E20A5415C00219596 /* ModalAnimationUITests */ = {
			isa = PBXNativeTarget;
			buildConfigurationList = 0792487E20A5415C00219596 /* Build configuration list for PBXNativeTarget "ModalAnimationUITests" */;
			buildPhases = (
				0792486B20A5415C00219596 /* Sources */,
				0792486C20A5415C00219596 /* Frameworks */,
				0792486D20A5415C00219596 /* Resources */,
			);
			buildRules = (
			);
			dependencies = (
				0792487120A5415C00219596 /* PBXTargetDependency */,
			);
			name = ModalAnimationUITests;
			productName = ModalAnimationUITests;
			productReference = 0792486F20A5415C00219596 /* ModalAnimationUITests.xctest */;
			productType = "com.apple.product-type.bundle.ui-testing";
		};
/* End PBXNativeTarget section */

/* Begin PBXProject section */
		0792484820A5415900219596 /* Project object */ = {
			isa = PBXProject;
			attributes = {
				LastSwiftUpdateCheck = 0930;
				LastUpgradeCheck = 0930;
				ORGANIZATIONNAME = zyFan;
				TargetAttributes = {
					0792484F20A5415900219596 = {
						CreatedOnToolsVersion = 9.3;
					};
					0792486320A5415C00219596 = {
						CreatedOnToolsVersion = 9.3;
						TestTargetID = 0792484F20A5415900219596;
					};
					0792486E20A5415C00219596 = {
						CreatedOnToolsVersion = 9.3;
						TestTargetID = 0792484F20A5415900219596;
					};
				};
			};
			buildConfigurationList = 0792484B20A5415900219596 /* Build configuration list for PBXProject "ModalAnimation" */;
			compatibilityVersion = "Xcode 9.3";
			developmentRegion = en;
			hasScannedForEncodings = 0;
			knownRegions = (
				en,
				Base,
			);
			mainGroup = 0792484720A5415900219596;
			productRefGroup = 0792485120A5415900219596 /* Products */;
			projectDirPath = "";
			projectRoot = "";
			targets = (
				0792484F20A5415900219596 /* ModalAnimation */,
				0792486320A5415C00219596 /* ModalAnimationTests */,
				0792486E20A5415C00219596 /* ModalAnimationUITests */,
			);
		};
/* End PBXProject section */

/* Begin PBXResourcesBuildPhase section */
		0792484E20A5415900219596 /* Resources */ = {
			isa = PBXResourcesBuildPhase;
			buildActionMask = 2147483647;
			files = (
				0792485E20A5415C00219596 /* LaunchScreen.storyboard in Resources */,
				0792485B20A5415C00219596 /* Assets.xcassets in Resources */,
				0792485920A5415900219596 /* Main.storyboard in Resources */,
			);
			runOnlyForDeploymentPostprocessing = 0;
		};
		0792486220A5415C00219596 /* Resources */ = {
			isa = PBXResourcesBuildPhase;
			buildActionMask = 2147483647;
			files = (
			);
			runOnlyForDeploymentPostprocessing = 0;
		};
		0792486D20A5415C00219596 /* Resources */ = {
			isa = PBXResourcesBuildPhase;
			buildActionMask = 2147483647;
			files = (
			);
			runOnlyForDeploymentPostprocessing = 0;
		};
/* End PBXResourcesBuildPhase section */

/* Begin PBXSourcesBuildPhase section */
		0792484C20A5415900219596 /* Sources */ = {
			isa = PBXSourcesBuildPhase;
			buildActionMask = 2147483647;
			files = (
				0792488420A557C100219596 /* ProductDetailController.swift in Sources */,
				0792488220A5447F00219596 /* ProductCell.swift in Sources */,
				0792485620A5415900219596 /* ViewController.swift in Sources */,
				0792485420A5415900219596 /* AppDelegate.swift in Sources */,
				0792488E20A58A2A00219596 /* CustomAnimator.swift in Sources */,
			);
			runOnlyForDeploymentPostprocessing = 0;
		};
		0792486020A5415C00219596 /* Sources */ = {
			isa = PBXSourcesBuildPhase;
			buildActionMask = 2147483647;
			files = (
				0792486920A5415C00219596 /* ModalAnimationTests.swift in Sources */,
			);
			runOnlyForDeploymentPostprocessing = 0;
		};
		0792486B20A5415C00219596 /* Sources */ = {
			isa = PBXSourcesBuildPhase;
			buildActionMask = 2147483647;
			files = (
				0792487420A5415C00219596 /* ModalAnimationUITests.swift in Sources */,
			);
			runOnlyForDeploymentPostprocessing = 0;
		};
/* End PBXSourcesBuildPhase section */

/* Begin PBXTargetDependency section */
		0792486620A5415C00219596 /* PBXTargetDependency */ = {
			isa = PBXTargetDependency;
			target = 0792484F20A5415900219596 /* ModalAnimation */;
			targetProxy = 0792486520A5415C00219596 /* PBXContainerItemProxy */;
		};
		0792487120A5415C00219596 /* PBXTargetDependency */ = {
			isa = PBXTargetDependency;
			target = 0792484F20A5415900219596 /* ModalAnimation */;
			targetProxy = 0792487020A5415C00219596 /* PBXContainerItemProxy */;
		};
/* End PBXTargetDependency section */

/* Begin PBXVariantGroup section */
		0792485720A5415900219596 /* Main.storyboard */ = {
			isa = PBXVariantGroup;
			children = (
				0792485820A5415900219596 /* Base */,
			);
			name = Main.storyboard;
			sourceTree = "<group>";
		};
		0792485C20A5415C00219596 /* LaunchScreen.storyboard */ = {
			isa = PBXVariantGroup;
			children = (
				0792485D20A5415C00219596 /* Base */,
			);
			name = LaunchScreen.storyboard;
			sourceTree = "<group>";
		};
/* End PBXVariantGroup section */

/* Begin XCBuildConfiguration section */
		0792487620A5415C00219596 /* Debug */ = {
			isa = XCBuildConfiguration;
			buildSettings = {
				ALWAYS_SEARCH_USER_PATHS = NO;
				CLANG_ANALYZER_NONNULL = YES;
				CLANG_ANALYZER_NUMBER_OBJECT_CONVERSION = YES_AGGRESSIVE;
				CLANG_CXX_LANGUAGE_STANDARD = "gnu++14";
				CLANG_CXX_LIBRARY = "libc++";
				CLANG_ENABLE_MODULES = YES;
				CLANG_ENABLE_OBJC_ARC = YES;
				CLANG_ENABLE_OBJC_WEAK = YES;
				CLANG_WARN_BLOCK_CAPTURE_AUTORELEASING = YES;
				CLANG_WARN_BOOL_CONVERSION = YES;
				CLANG_WARN_COMMA = YES;
				CLANG_WARN_CONSTANT_CONVERSION = YES;
				CLANG_WARN_DEPRECATED_OBJC_IMPLEMENTATIONS = YES;
				CLANG_WARN_DIRECT_OBJC_ISA_USAGE = YES_ERROR;
				CLANG_WARN_DOCUMENTATION_COMMENTS = YES;
				CLANG_WARN_EMPTY_BODY = YES;
				CLANG_WARN_ENUM_CONVERSION = YES;
				CLANG_WARN_INFINITE_RECURSION = YES;
				CLANG_WARN_INT_CONVERSION = YES;
				CLANG_WARN_NON_LITERAL_NULL_CONVERSION = YES;
				CLANG_WARN_OBJC_IMPLICIT_RETAIN_SELF = YES;
				CLANG_WARN_OBJC_LITERAL_CONVERSION = YES;
				CLANG_WARN_OBJC_ROOT_CLASS = YES_ERROR;
				CLANG_WARN_RANGE_LOOP_ANALYSIS = YES;
				CLANG_WARN_STRICT_PROTOTYPES = YES;
				CLANG_WARN_SUSPICIOUS_MOVE = YES;
				CLANG_WARN_UNGUARDED_AVAILABILITY = YES_AGGRESSIVE;
				CLANG_WARN_UNREACHABLE_CODE = YES;
				CLANG_WARN__DUPLICATE_METHOD_MATCH = YES;
				CODE_SIGN_IDENTITY = "iPhone Developer";
				COPY_PHASE_STRIP = NO;
				DEBUG_INFORMATION_FORMAT = dwarf;
				ENABLE_STRICT_OBJC_MSGSEND = YES;
				ENABLE_TESTABILITY = YES;
				GCC_C_LANGUAGE_STANDARD = gnu11;
				GCC_DYNAMIC_NO_PIC = NO;
				GCC_NO_COMMON_BLOCKS = YES;
				GCC_OPTIMIZATION_LEVEL = 0;
				GCC_PREPROCESSOR_DEFINITIONS = (
					"DEBUG=1",
					"$(inherited)",
				);
				GCC_WARN_64_TO_32_BIT_CONVERSION = YES;
				GCC_WARN_ABOUT_RETURN_TYPE = YES_ERROR;
				GCC_WARN_UNDECLARED_SELECTOR = YES;
				GCC_WARN_UNINITIALIZED_AUTOS = YES_AGGRESSIVE;
				GCC_WARN_UNUSED_FUNCTION = YES;
				GCC_WARN_UNUSED_VARIABLE = YES;
				IPHONEOS_DEPLOYMENT_TARGET = 11.3;
				MTL_ENABLE_DEBUG_INFO = YES;
				ONLY_ACTIVE_ARCH = YES;
				SDKROOT = iphoneos;
				SWIFT_ACTIVE_COMPILATION_CONDITIONS = DEBUG;
				SWIFT_OPTIMIZATION_LEVEL = "-Onone";
			};
			name = Debug;
		};
		0792487720A5415C00219596 /* Release */ = {
			isa = XCBuildConfiguration;
			buildSettings = {
				ALWAYS_SEARCH_USER_PATHS = NO;
				CLANG_ANALYZER_NONNULL = YES;
				CLANG_ANALYZER_NUMBER_OBJECT_CONVERSION = YES_AGGRESSIVE;
				CLANG_CXX_LANGUAGE_STANDARD = "gnu++14";
				CLANG_CXX_LIBRARY = "libc++";
				CLANG_ENABLE_MODULES = YES;
				CLANG_ENABLE_OBJC_ARC = YES;
				CLANG_ENABLE_OBJC_WEAK = YES;
				CLANG_WARN_BLOCK_CAPTURE_AUTORELEASING = YES;
				CLANG_WARN_BOOL_CONVERSION = YES;
				CLANG_WARN_COMMA = YES;
				CLANG_WARN_CONSTANT_CONVERSION = YES;
				CLANG_WARN_DEPRECATED_OBJC_IMPLEMENTATIONS = YES;
				CLANG_WARN_DIRECT_OBJC_ISA_USAGE = YES_ERROR;
				CLANG_WARN_DOCUMENTATION_COMMENTS = YES;
				CLANG_WARN_EMPTY_BODY = YES;
				CLANG_WARN_ENUM_CONVERSION = YES;
				CLANG_WARN_INFINITE_RECURSION = YES;
				CLANG_WARN_INT_CONVERSION = YES;
				CLANG_WARN_NON_LITERAL_NULL_CONVERSION = YES;
				CLANG_WARN_OBJC_IMPLICIT_RETAIN_SELF = YES;
				CLANG_WARN_OBJC_LITERAL_CONVERSION = YES;
				CLANG_WARN_OBJC_ROOT_CLASS = YES_ERROR;
				CLANG_WARN_RANGE_LOOP_ANALYSIS = YES;
				CLANG_WARN_STRICT_PROTOTYPES = YES;
				CLANG_WARN_SUSPICIOUS_MOVE = YES;
				CLANG_WARN_UNGUARDED_AVAILABILITY = YES_AGGRESSIVE;
				CLANG_WARN_UNREACHABLE_CODE = YES;
				CLANG_WARN__DUPLICATE_METHOD_MATCH = YES;
				CODE_SIGN_IDENTITY = "iPhone Developer";
				COPY_PHASE_STRIP = NO;
				DEBUG_INFORMATION_FORMAT = "dwarf-with-dsym";
				ENABLE_NS_ASSERTIONS = NO;
				ENABLE_STRICT_OBJC_MSGSEND = YES;
				GCC_C_LANGUAGE_STANDARD = gnu11;
				GCC_NO_COMMON_BLOCKS = YES;
				GCC_WARN_64_TO_32_BIT_CONVERSION = YES;
				GCC_WARN_ABOUT_RETURN_TYPE = YES_ERROR;
				GCC_WARN_UNDECLARED_SELECTOR = YES;
				GCC_WARN_UNINITIALIZED_AUTOS = YES_AGGRESSIVE;
				GCC_WARN_UNUSED_FUNCTION = YES;
				GCC_WARN_UNUSED_VARIABLE = YES;
				IPHONEOS_DEPLOYMENT_TARGET = 11.3;
				MTL_ENABLE_DEBUG_INFO = NO;
				SDKROOT = iphoneos;
				SWIFT_COMPILATION_MODE = wholemodule;
				SWIFT_OPTIMIZATION_LEVEL = "-O";
				VALIDATE_PRODUCT = YES;
			};
			name = Release;
		};
		0792487920A5415C00219596 /* Debug */ = {
			isa = XCBuildConfiguration;
			buildSettings = {
				ASSETCATALOG_COMPILER_APPICON_NAME = AppIcon;
				CODE_SIGN_STYLE = Automatic;
				FRAMEWORK_SEARCH_PATHS = (
					"$(inherited)",
					"$(PROJECT_DIR)/Carthage/Build/iOS",
				);
				INFOPLIST_FILE = ModalAnimation/Info.plist;
				LD_RUNPATH_SEARCH_PATHS = (
					"$(inherited)",
					"@executable_path/Frameworks",
				);
				PRODUCT_BUNDLE_IDENTIFIER = com.zy.ModalAnimation;
				PRODUCT_NAME = "$(TARGET_NAME)";
				SWIFT_VERSION = 4.0;
				TARGETED_DEVICE_FAMILY = "1,2";
			};
			name = Debug;
		};
		0792487A20A5415C00219596 /* Release */ = {
			isa = XCBuildConfiguration;
			buildSettings = {
				ASSETCATALOG_COMPILER_APPICON_NAME = AppIcon;
				CODE_SIGN_STYLE = Automatic;
				FRAMEWORK_SEARCH_PATHS = (
					"$(inherited)",
					"$(PROJECT_DIR)/Carthage/Build/iOS",
				);
				INFOPLIST_FILE = ModalAnimation/Info.plist;
				LD_RUNPATH_SEARCH_PATHS = (
					"$(inherited)",
					"@executable_path/Frameworks",
				);
				PRODUCT_BUNDLE_IDENTIFIER = com.zy.ModalAnimation;
				PRODUCT_NAME = "$(TARGET_NAME)";
				SWIFT_VERSION = 4.0;
				TARGETED_DEVICE_FAMILY = "1,2";
			};
			name = Release;
		};
		0792487C20A5415C00219596 /* Debug */ = {
			isa = XCBuildConfiguration;
			buildSettings = {
				ALWAYS_EMBED_SWIFT_STANDARD_LIBRARIES = YES;
				BUNDLE_LOADER = "$(TEST_HOST)";
				CODE_SIGN_STYLE = Automatic;
				INFOPLIST_FILE = ModalAnimationTests/Info.plist;
				LD_RUNPATH_SEARCH_PATHS = (
					"$(inherited)",
					"@executable_path/Frameworks",
					"@loader_path/Frameworks",
				);
				PRODUCT_BUNDLE_IDENTIFIER = com.zy.ModalAnimationTests;
				PRODUCT_NAME = "$(TARGET_NAME)";
				SWIFT_VERSION = 4.0;
				TARGETED_DEVICE_FAMILY = "1,2";
				TEST_HOST = "$(BUILT_PRODUCTS_DIR)/ModalAnimation.app/ModalAnimation";
			};
			name = Debug;
		};
		0792487D20A5415C00219596 /* Release */ = {
			isa = XCBuildConfiguration;
			buildSettings = {
				ALWAYS_EMBED_SWIFT_STANDARD_LIBRARIES = YES;
				BUNDLE_LOADER = "$(TEST_HOST)";
				CODE_SIGN_STYLE = Automatic;
				INFOPLIST_FILE = ModalAnimationTests/Info.plist;
				LD_RUNPATH_SEARCH_PATHS = (
					"$(inherited)",
					"@executable_path/Frameworks",
					"@loader_path/Frameworks",
				);
				PRODUCT_BUNDLE_IDENTIFIER = com.zy.ModalAnimationTests;
				PRODUCT_NAME = "$(TARGET_NAME)";
				SWIFT_VERSION = 4.0;
				TARGETED_DEVICE_FAMILY = "1,2";
				TEST_HOST = "$(BUILT_PRODUCTS_DIR)/ModalAnimation.app/ModalAnimation";
			};
			name = Release;
		};
		0792487F20A5415C00219596 /* Debug */ = {
			isa = XCBuildConfiguration;
			buildSettings = {
				ALWAYS_EMBED_SWIFT_STANDARD_LIBRARIES = YES;
				CODE_SIGN_STYLE = Automatic;
				INFOPLIST_FILE = ModalAnimationUITests/Info.plist;
				LD_RUNPATH_SEARCH_PATHS = (
					"$(inherited)",
					"@executable_path/Frameworks",
					"@loader_path/Frameworks",
				);
				PRODUCT_BUNDLE_IDENTIFIER = com.zy.ModalAnimationUITests;
				PRODUCT_NAME = "$(TARGET_NAME)";
				SWIFT_VERSION = 4.0;
				TARGETED_DEVICE_FAMILY = "1,2";
				TEST_TARGET_NAME = ModalAnimation;
			};
			name = Debug;
		};
		0792488020A5415C00219596 /* Release */ = {
			isa = XCBuildConfiguration;
			buildSettings = {
				ALWAYS_EMBED_SWIFT_STANDARD_LIBRARIES = YES;
				CODE_SIGN_STYLE = Automatic;
				INFOPLIST_FILE = ModalAnimationUITests/Info.plist;
				LD_RUNPATH_SEARCH_PATHS = (
					"$(inherited)",
					"@executable_path/Frameworks",
					"@loader_path/Frameworks",
				);
				PRODUCT_BUNDLE_IDENTIFIER = com.zy.ModalAnimationUITests;
				PRODUCT_NAME = "$(TARGET_NAME)";
				SWIFT_VERSION = 4.0;
				TARGETED_DEVICE_FAMILY = "1,2";
				TEST_TARGET_NAME = ModalAnimation;
			};
			name = Release;
		};
/* End XCBuildConfiguration section */

/* Begin XCConfigurationList section */
		0792484B20A5415900219596 /* Build configuration list for PBXProject "ModalAnimation" */ = {
			isa = XCConfigurationList;
			buildConfigurations = (
				0792487620A5415C00219596 /* Debug */,
				0792487720A5415C00219596 /* Release */,
			);
			defaultConfigurationIsVisible = 0;
			defaultConfigurationName = Release;
		};
		0792487820A5415C00219596 /* Build configuration list for PBXNativeTarget "ModalAnimation" */ = {
			isa = XCConfigurationList;
			buildConfigurations = (
				0792487920A5415C00219596 /* Debug */,
				0792487A20A5415C00219596 /* Release */,
			);
			defaultConfigurationIsVisible = 0;
			defaultConfigurationName = Release;
		};
		0792487B20A5415C00219596 /* Build configuration list for PBXNativeTarget "ModalAnimationTests" */ = {
			isa = XCConfigurationList;
			buildConfigurations = (
				0792487C20A5415C00219596 /* Debug */,
				0792487D20A5415C00219596 /* Release */,
			);
			defaultConfigurationIsVisible = 0;
			defaultConfigurationName = Release;
		};
		0792487E20A5415C00219596 /* Build configuration list for PBXNativeTarget "ModalAnimationUITests" */ = {
			isa = XCConfigurationList;
			buildConfigurations = (
				0792487F20A5415C00219596 /* Debug */,
				0792488020A5415C00219596 /* Release */,
			);
			defaultConfigurationIsVisible = 0;
			defaultConfigurationName = Release;
		};
/* End XCConfigurationList section */
	};
	rootObject = 0792484820A5415900219596 /* Project object */;
}
